
Microsoft Visual Studio Solution File, Format Version 12.00
# Visual Studio Version 16
VisualStudioVersion = 16.0.31702.278
MinimumVisualStudioVersion = 10.0.40219.1
Project("{FAE04EC0-301F-11D3-BF4B-00C04F79EFBC}") = "MyFabricStashApi", "MyFabricStashApi\MyFabricStashApi.csproj", "{7A1A9C17-28C6-40B9-82CF-0AEEA8A5AC40}"
EndProject
Project("{2150E333-8FDC-42A3-9474-1A3956D46DE8}") = "Solution Items", "Solution Items", "{F691653B-C25E-4BCE-B457-51EFD600FE81}"
	ProjectSection(SolutionItems) = preProject
		.editorconfig = .editorconfig
	EndProjectSection
EndProject
Global
	GlobalSection(SolutionConfigurationPlatforms) = preSolution
		Debug|Any CPU = Debug|Any CPU
		Release|Any CPU = Release|Any CPU
	EndGlobalSection
	GlobalSection(ProjectConfigurationPlatforms) = postSolution
		{7A1A9C17-28C6-40B9-82CF-0AEEA8A5AC40}.Debug|Any CPU.ActiveCfg = Debug|Any CPU
		{7A1A9C17-28C6-40B9-82CF-0AEEA8A5AC40}.Debug|Any CPU.Build.0 = Debug|Any CPU
		{7A1A9C17-28C6-40B9-82CF-0AEEA8A5AC40}.Release|Any CPU.ActiveCfg = Release|Any CPU
		{7A1A9C17-28C6-40B9-82CF-0AEEA8A5AC40}.Release|Any CPU.Build.0 = Release|Any CPU
	EndGlobalSection
	GlobalSection(SolutionProperties) = preSolution
		HideSolutionNode = FALSE
	EndGlobalSection
	GlobalSection(ExtensibilityGlobals) = postSolution
		SolutionGuid = {6F04E3DC-86C0-4B28-8D24-6E4BEDD30537}
	EndGlobalSection
EndGlobal
